<Solution>
  <Project Path="Transpiler/Transpiler.csproj" />
  <Project Path="Transpiler.Tests/Transpiler.Tests.csproj" />
  <Project Path="TinyCs.Analyzers/TinyCs.Analyzers.csproj" />
  <Project Path="TinyCs.Analyzers.Tests/TinyCs.Analyzers.Tests.csproj" />
  <Project Path="TinySystem/TinySystem.csproj" />
  <Project Path="tcs2c/tcs2c.csproj" />
</Solution>
